
Microsoft Visual Studio Solution File, Format Version 12.00
# Visual Studio Version 17
VisualStudioVersion = 17.4.33122.133
MinimumVisualStudioVersion = 10.0.40219.1
Project("{FAE04EC0-301F-11D3-BF4B-00C04F79EFBC}") = "N3-digital-pyramid", "BS-HWK-WK2\N3-digital-pyramid.csproj", "{19181824-EF4B-4C13-B337-7C0AE908795A}"
EndProject
Global
	GlobalSection(SolutionConfigurationPlatforms) = preSolution
		Debug|Any CPU = Debug|Any CPU
		Release|Any CPU = Release|Any CPU
	EndGlobalSection
	GlobalSection(ProjectConfigurationPlatforms) = postSolution
		{19181824-EF4B-4C13-B337-7C0AE908795A}.Debug|Any CPU.ActiveCfg = Debug|Any CPU
		{19181824-EF4B-4C13-B337-7C0AE908795A}.Debug|Any CPU.Build.0 = Debug|Any CPU
		{19181824-EF4B-4C13-B337-7C0AE908795A}.Release|Any CPU.ActiveCfg = Release|Any CPU
		{19181824-EF4B-4C13-B337-7C0AE908795A}.Release|Any CPU.Build.0 = Release|Any CPU
	EndGlobalSection
	GlobalSection(SolutionProperties) = preSolution
		HideSolutionNode = FALSE
	EndGlobalSection
	GlobalSection(ExtensibilityGlobals) = postSolution
		SolutionGuid = {6544DB2B-BC2F-4067-A461-F1449278A7F2}
	EndGlobalSection
EndGlobal
